
Microsoft Visual Studio Solution File, Format Version 12.00
# Visual Studio 15
VisualStudioVersion = 15.0.27428.2015
MinimumVisualStudioVersion = 10.0.40219.1
Project("{FAE04EC0-301F-11D3-BF4B-00C04F79EFBC}") = "SlowpokeBackend", "SlowpokeBackend\SlowpokeBackend.csproj", "{B649DD23-CFAD-421A-966D-7E9A76A4D32A}"
EndProject
Project("{FAE04EC0-301F-11D3-BF4B-00C04F79EFBC}") = "Database", "Database\Database.csproj", "{73A30897-7CD0-4EBF-B950-85464C5AC65C}"
EndProject
Project("{FAE04EC0-301F-11D3-BF4B-00C04F79EFBC}") = "LocationService", "LocationService\LocationService.csproj", "{BDFCEFD8-D4B8-42AD-BF9A-A5BF701ABCD4}"
EndProject
Project("{2150E333-8FDC-42A3-9474-1A3956D46DE8}") = "Solution Items", "Solution Items", "{182CC276-F1B6-4741-9A29-570C9103388B}"
	ProjectSection(SolutionItems) = preProject
		Manual.txt = Manual.txt
	EndProjectSection
EndProject
Global
	GlobalSection(SolutionConfigurationPlatforms) = preSolution
		Debug|Any CPU = Debug|Any CPU
		Release|Any CPU = Release|Any CPU
	EndGlobalSection
	GlobalSection(ProjectConfigurationPlatforms) = postSolution
		{B649DD23-CFAD-421A-966D-7E9A76A4D32A}.Debug|Any CPU.ActiveCfg = Debug|Any CPU
		{B649DD23-CFAD-421A-966D-7E9A76A4D32A}.Debug|Any CPU.Build.0 = Debug|Any CPU
		{B649DD23-CFAD-421A-966D-7E9A76A4D32A}.Release|Any CPU.ActiveCfg = Release|Any CPU
		{B649DD23-CFAD-421A-966D-7E9A76A4D32A}.Release|Any CPU.Build.0 = Release|Any CPU
		{73A30897-7CD0-4EBF-B950-85464C5AC65C}.Debug|Any CPU.ActiveCfg = Debug|Any CPU
		{73A30897-7CD0-4EBF-B950-85464C5AC65C}.Debug|Any CPU.Build.0 = Debug|Any CPU
		{73A30897-7CD0-4EBF-B950-85464C5AC65C}.Release|Any CPU.ActiveCfg = Release|Any CPU
		{73A30897-7CD0-4EBF-B950-85464C5AC65C}.Release|Any CPU.Build.0 = Release|Any CPU
		{BDFCEFD8-D4B8-42AD-BF9A-A5BF701ABCD4}.Debug|Any CPU.ActiveCfg = Debug|Any CPU
		{BDFCEFD8-D4B8-42AD-BF9A-A5BF701ABCD4}.Debug|Any CPU.Build.0 = Debug|Any CPU
		{BDFCEFD8-D4B8-42AD-BF9A-A5BF701ABCD4}.Release|Any CPU.ActiveCfg = Release|Any CPU
		{BDFCEFD8-D4B8-42AD-BF9A-A5BF701ABCD4}.Release|Any CPU.Build.0 = Release|Any CPU
	EndGlobalSection
	GlobalSection(SolutionProperties) = preSolution
		HideSolutionNode = FALSE
	EndGlobalSection
	GlobalSection(ExtensibilityGlobals) = postSolution
		SolutionGuid = {6B4CF342-0701-4491-B03A-BE3E5626E0B7}
	EndGlobalSection
EndGlobal
